
Microsoft Visual Studio Solution File, Format Version 12.00
# Visual Studio Version 16
VisualStudioVersion = 16.0.31205.134
MinimumVisualStudioVersion = 10.0.40219.1
Project("{FAE04EC0-301F-11D3-BF4B-00C04F79EFBC}") = "ODBCBrowse", "ODBCBrowse.csproj", "{07D92199-7A7D-4F76-8A0C-C8E23EB5235A}"
EndProject
Global
	GlobalSection(SolutionConfigurationPlatforms) = preSolution
		Debug|x64 = Debug|x64
		Debug|x86 = Debug|x86
		Release|x64 = Release|x64
		Release|x86 = Release|x86
	EndGlobalSection
	GlobalSection(ProjectConfigurationPlatforms) = postSolution
		{07D92199-7A7D-4F76-8A0C-C8E23EB5235A}.Debug|x64.ActiveCfg = Debug|x64
		{07D92199-7A7D-4F76-8A0C-C8E23EB5235A}.Debug|x64.Build.0 = Debug|x64
		{07D92199-7A7D-4F76-8A0C-C8E23EB5235A}.Debug|x86.ActiveCfg = Debug|x86
		{07D92199-7A7D-4F76-8A0C-C8E23EB5235A}.Debug|x86.Build.0 = Debug|x86
		{07D92199-7A7D-4F76-8A0C-C8E23EB5235A}.Release|x64.ActiveCfg = Release|x64
		{07D92199-7A7D-4F76-8A0C-C8E23EB5235A}.Release|x64.Build.0 = Release|x64
		{07D92199-7A7D-4F76-8A0C-C8E23EB5235A}.Release|x86.ActiveCfg = Release|x86
		{07D92199-7A7D-4F76-8A0C-C8E23EB5235A}.Release|x86.Build.0 = Release|x86
	EndGlobalSection
	GlobalSection(SolutionProperties) = preSolution
		HideSolutionNode = FALSE
	EndGlobalSection
	GlobalSection(ExtensibilityGlobals) = postSolution
		SolutionGuid = {9AA6FE8D-DB31-4D36-BF2A-3DD8EE7C0085}
	EndGlobalSection
EndGlobal
